
Microsoft Visual Studio Solution File, Format Version 12.00
# Visual Studio Version 17
VisualStudioVersion = 17.10.34916.146
MinimumVisualStudioVersion = 10.0.40219.1
Project("{FAE04EC0-301F-11D3-BF4B-00C04F79EFBC}") = "TesGit2", "TesGit2\TesGit2.csproj", "{8E55DF35-FC2D-49E6-9A5B-C8E4B519FF4B}"
EndProject
Global
	GlobalSection(SolutionConfigurationPlatforms) = preSolution
		Debug|Any CPU = Debug|Any CPU
		Release|Any CPU = Release|Any CPU
	EndGlobalSection
	GlobalSection(ProjectConfigurationPlatforms) = postSolution
		{8E55DF35-FC2D-49E6-9A5B-C8E4B519FF4B}.Debug|Any CPU.ActiveCfg = Debug|Any CPU
		{8E55DF35-FC2D-49E6-9A5B-C8E4B519FF4B}.Debug|Any CPU.Build.0 = Debug|Any CPU
		{8E55DF35-FC2D-49E6-9A5B-C8E4B519FF4B}.Release|Any CPU.ActiveCfg = Release|Any CPU
		{8E55DF35-FC2D-49E6-9A5B-C8E4B519FF4B}.Release|Any CPU.Build.0 = Release|Any CPU
	EndGlobalSection
	GlobalSection(SolutionProperties) = preSolution
		HideSolutionNode = FALSE
	EndGlobalSection
	GlobalSection(ExtensibilityGlobals) = postSolution
		SolutionGuid = {ADFECCE2-70D8-4324-B83C-C8FE614814FF}
	EndGlobalSection
EndGlobal
